
Microsoft Visual Studio Solution File, Format Version 12.00
# Visual Studio 14
VisualStudioVersion = 14.0.25123.0
MinimumVisualStudioVersion = 10.0.40219.1
Project("{8BC9CEB8-8B4A-11D0-8D11-00A0C91BC942}") = "MiniJavaCompiler", "MiniJavaCompiler\MiniJavaCompiler.vcxproj", "{01531E22-46C4-42C1-A20C-8E7CE6EBC2E8}"
EndProject
Global
	GlobalSection(SolutionConfigurationPlatforms) = preSolution
		Debug.NoPictures|x64 = Debug.NoPictures|x64
		Debug.NoPictures|x86 = Debug.NoPictures|x86
		Debug.ShowPictures|x64 = Debug.ShowPictures|x64
		Debug.ShowPictures|x86 = Debug.ShowPictures|x86
		Debug|x64 = Debug|x64
		Debug|x86 = Debug|x86
		Release.NoPictures|x64 = Release.NoPictures|x64
		Release.NoPictures|x86 = Release.NoPictures|x86
		Release.ShowPictures|x64 = Release.ShowPictures|x64
		Release.ShowPictures|x86 = Release.ShowPictures|x86
		Release|x64 = Release|x64
		Release|x86 = Release|x86
	EndGlobalSection
	GlobalSection(ProjectConfigurationPlatforms) = postSolution
		{01531E22-46C4-42C1-A20C-8E7CE6EBC2E8}.Debug.NoPictures|x64.ActiveCfg = Debug.NoPictures|x64
		{01531E22-46C4-42C1-A20C-8E7CE6EBC2E8}.Debug.NoPictures|x64.Build.0 = Debug.NoPictures|x64
		{01531E22-46C4-42C1-A20C-8E7CE6EBC2E8}.Debug.NoPictures|x86.ActiveCfg = Debug.NoPictures|Win32
		{01531E22-46C4-42C1-A20C-8E7CE6EBC2E8}.Debug.NoPictures|x86.Build.0 = Debug.NoPictures|Win32
		{01531E22-46C4-42C1-A20C-8E7CE6EBC2E8}.Debug.ShowPictures|x64.ActiveCfg = Debug.ShowPictures|x64
		{01531E22-46C4-42C1-A20C-8E7CE6EBC2E8}.Debug.ShowPictures|x64.Build.0 = Debug.ShowPictures|x64
		{01531E22-46C4-42C1-A20C-8E7CE6EBC2E8}.Debug.ShowPictures|x86.ActiveCfg = Debug.ShowPictures|Win32
		{01531E22-46C4-42C1-A20C-8E7CE6EBC2E8}.Debug.ShowPictures|x86.Build.0 = Debug.ShowPictures|Win32
		{01531E22-46C4-42C1-A20C-8E7CE6EBC2E8}.Debug|x64.ActiveCfg = Debug|x64
		{01531E22-46C4-42C1-A20C-8E7CE6EBC2E8}.Debug|x64.Build.0 = Debug|x64
		{01531E22-46C4-42C1-A20C-8E7CE6EBC2E8}.Debug|x86.ActiveCfg = Debug|Win32
		{01531E22-46C4-42C1-A20C-8E7CE6EBC2E8}.Debug|x86.Build.0 = Debug|Win32
		{01531E22-46C4-42C1-A20C-8E7CE6EBC2E8}.Release.NoPictures|x64.ActiveCfg = Release.NoPictures|x64
		{01531E22-46C4-42C1-A20C-8E7CE6EBC2E8}.Release.NoPictures|x64.Build.0 = Release.NoPictures|x64
		{01531E22-46C4-42C1-A20C-8E7CE6EBC2E8}.Release.NoPictures|x86.ActiveCfg = Release.NoPictures|Win32
		{01531E22-46C4-42C1-A20C-8E7CE6EBC2E8}.Release.NoPictures|x86.Build.0 = Release.NoPictures|Win32
		{01531E22-46C4-42C1-A20C-8E7CE6EBC2E8}.Release.ShowPictures|x64.ActiveCfg = Release.ShowPictures|x64
		{01531E22-46C4-42C1-A20C-8E7CE6EBC2E8}.Release.ShowPictures|x64.Build.0 = Release.ShowPictures|x64
		{01531E22-46C4-42C1-A20C-8E7CE6EBC2E8}.Release.ShowPictures|x86.ActiveCfg = Release.ShowPictures|Win32
		{01531E22-46C4-42C1-A20C-8E7CE6EBC2E8}.Release.ShowPictures|x86.Build.0 = Release.ShowPictures|Win32
		{01531E22-46C4-42C1-A20C-8E7CE6EBC2E8}.Release|x64.ActiveCfg = Release|x64
		{01531E22-46C4-42C1-A20C-8E7CE6EBC2E8}.Release|x64.Build.0 = Release|x64
		{01531E22-46C4-42C1-A20C-8E7CE6EBC2E8}.Release|x86.ActiveCfg = Release|Win32
		{01531E22-46C4-42C1-A20C-8E7CE6EBC2E8}.Release|x86.Build.0 = Release|Win32
	EndGlobalSection
	GlobalSection(SolutionProperties) = preSolution
		HideSolutionNode = FALSE
	EndGlobalSection
EndGlobal
