<?xml version="1.0" encoding="utf-8"?>
<Project ToolsVersion="4.0" xmlns="http://schemas.microsoft.com/developer/msbuild/2003">
  <ItemGroup>
    <Filter Include="Файлы ресурсов">
      <UniqueIdentifier>{67DA6AB6-F800-4c08-8B7A-83BB121AAD01}</UniqueIdentifier>
      <Extensions>rc;ico;cur;bmp;dlg;rc2;rct;bin;rgs;gif;jpg;jpeg;jpe;resx;tiff;tif;png;wav;mfcribbon-ms</Extensions>
    </Filter>
    <Filter Include="FirstTask">
      <UniqueIdentifier>{f5f5c349-e8f9-4958-8e7d-ffd1c6d72711}</UniqueIdentifier>
    </Filter>
    <Filter Include="GraphvizOutput">
      <UniqueIdentifier>{9e156e4e-53aa-471a-82f3-da075746a0ca}</UniqueIdentifier>
    </Filter>
    <Filter Include="FirstTask\cpp">
      <UniqueIdentifier>{2fed9121-c679-4dcc-ba2a-41d19a9b2ffe}</UniqueIdentifier>
    </Filter>
    <Filter Include="FirstTask\h">
      <UniqueIdentifier>{6e3a2cfd-37f4-4be5-8bac-bb06ea22b986}</UniqueIdentifier>
    </Filter>
    <Filter Include="Global h">
      <UniqueIdentifier>{93995380-89BD-4b04-88EB-625FBE52EBFB}</UniqueIdentifier>
      <Extensions>h;hh;hpp;hxx;hm;inl;inc;xsd</Extensions>
    </Filter>
    <Filter Include="Global cpp">
      <UniqueIdentifier>{4FC737F1-C7A5-4376-A066-2A32D752A2FF}</UniqueIdentifier>
      <Extensions>cpp;c;cc;cxx;def;odl;idl;hpj;bat;asm;asmx</Extensions>
    </Filter>
  </ItemGroup>
  <ItemGroup>
    <Text Include="ReadMe.txt" />
  </ItemGroup>
  <ItemGroup>
    <ClInclude Include="stdafx.h">
      <Filter>Global h</Filter>
    </ClInclude>
    <ClInclude Include="targetver.h">
      <Filter>Global h</Filter>
    </ClInclude>
    <ClInclude Include="DotOutputVisitor.h">
      <Filter>GraphvizOutput</Filter>
    </ClInclude>
    <ClInclude Include="GraphvizLauncher.h">
      <Filter>GraphvizOutput</Filter>
    </ClInclude>
    <ClInclude Include="VariablesTable.h">
      <Filter>Global h</Filter>
    </ClInclude>
    <ClInclude Include="INode.h">
      <Filter>FirstTask\h</Filter>
    </ClInclude>
    <ClInclude Include="IVisitor.h">
      <Filter>FirstTask\h</Filter>
    </ClInclude>
    <ClInclude Include="LastExpList.h">
      <Filter>FirstTask\h</Filter>
    </ClInclude>
    <ClInclude Include="AssignStatement.h">
      <Filter>FirstTask\h</Filter>
    </ClInclude>
    <ClInclude Include="CompoundStatement.h">
      <Filter>FirstTask\h</Filter>
    </ClInclude>
    <ClInclude Include="IdExpression.h">
      <Filter>FirstTask\h</Filter>
    </ClInclude>
    <ClInclude Include="IExpression.h">
      <Filter>FirstTask\h</Filter>
    </ClInclude>
    <ClInclude Include="NumExpression.h">
      <Filter>FirstTask\h</Filter>
    </ClInclude>
    <ClInclude Include="OperationExpression.h">
      <Filter>FirstTask\h</Filter>
    </ClInclude>
    <ClInclude Include="IStatemnet.h">
      <Filter>FirstTask\h</Filter>
    </ClInclude>
    <ClInclude Include="PrintStatement.h">
      <Filter>FirstTask\h</Filter>
    </ClInclude>
  </ItemGroup>
  <ItemGroup>
    <ClCompile Include="DotOutputVisitor.cpp">
      <Filter>GraphvizOutput</Filter>
    </ClCompile>
    <ClCompile Include="GraphvizLauncher.cpp">
      <Filter>GraphvizOutput</Filter>
    </ClCompile>
    <ClCompile Include="stdafx.cpp">
      <Filter>Global cpp</Filter>
    </ClCompile>
    <ClCompile Include="CompilerTheory.cpp">
      <Filter>Global cpp</Filter>
    </ClCompile>
    <ClCompile Include="AssignStatement.cpp">
      <Filter>FirstTask\cpp</Filter>
    </ClCompile>
    <ClCompile Include="CompoundStatement.cpp">
      <Filter>FirstTask\cpp</Filter>
    </ClCompile>
    <ClCompile Include="IdExpression.cpp">
      <Filter>FirstTask\cpp</Filter>
    </ClCompile>
    <ClCompile Include="NumExpression.cpp">
      <Filter>FirstTask\cpp</Filter>
    </ClCompile>
    <ClCompile Include="PrintStatement.cpp">
      <Filter>FirstTask\cpp</Filter>
    </ClCompile>
    <ClCompile Include="VariablesTable.cpp">
      <Filter>FirstTask\cpp</Filter>
    </ClCompile>
    <ClCompile Include="OperationExpression.cpp">
      <Filter>FirstTask\cpp</Filter>
    </ClCompile>
  </ItemGroup>
</Project>