<?xml version="1.0" encoding="utf-8"?>
<Project ToolsVersion="4.0" xmlns="http://schemas.microsoft.com/developer/msbuild/2003">
  <ItemGroup>
    <Filter Include="Файлы исходного кода">
      <UniqueIdentifier>{4FC737F1-C7A5-4376-A066-2A32D752A2FF}</UniqueIdentifier>
      <Extensions>cpp;c;cc;cxx;def;odl;idl;hpj;bat;asm;asmx</Extensions>
    </Filter>
    <Filter Include="Заголовочные файлы">
      <UniqueIdentifier>{93995380-89BD-4b04-88EB-625FBE52EBFB}</UniqueIdentifier>
      <Extensions>h;hh;hpp;hxx;hm;inl;inc;xsd</Extensions>
    </Filter>
    <Filter Include="Файлы ресурсов">
      <UniqueIdentifier>{67DA6AB6-F800-4c08-8B7A-83BB121AAD01}</UniqueIdentifier>
      <Extensions>rc;ico;cur;bmp;dlg;rc2;rct;bin;rgs;gif;jpg;jpeg;jpe;resx;tiff;tif;png;wav;mfcribbon-ms</Extensions>
    </Filter>
    <Filter Include="FirstTask">
      <UniqueIdentifier>{f5f5c349-e8f9-4958-8e7d-ffd1c6d72711}</UniqueIdentifier>
    </Filter>
    <Filter Include="GraphvizOutput">
      <UniqueIdentifier>{9e156e4e-53aa-471a-82f3-da075746a0ca}</UniqueIdentifier>
    </Filter>
  </ItemGroup>
  <ItemGroup>
    <Text Include="ReadMe.txt" />
  </ItemGroup>
  <ItemGroup>
    <ClInclude Include="stdafx.h">
      <Filter>Заголовочные файлы</Filter>
    </ClInclude>
    <ClInclude Include="targetver.h">
      <Filter>Заголовочные файлы</Filter>
    </ClInclude>
    <ClInclude Include="AssignStm.h">
      <Filter>FirstTask</Filter>
    </ClInclude>
    <ClInclude Include="CompoundStm.h">
      <Filter>FirstTask</Filter>
    </ClInclude>
    <ClInclude Include="IdExp.h">
      <Filter>FirstTask</Filter>
    </ClInclude>
    <ClInclude Include="IExp.h">
      <Filter>FirstTask</Filter>
    </ClInclude>
    <ClInclude Include="INode.h">
      <Filter>FirstTask</Filter>
    </ClInclude>
    <ClInclude Include="IVisitor.h">
      <Filter>FirstTask</Filter>
    </ClInclude>
    <ClInclude Include="NumExp.h">
      <Filter>FirstTask</Filter>
    </ClInclude>
    <ClInclude Include="OpExp.h">
      <Filter>FirstTask</Filter>
    </ClInclude>
    <ClInclude Include="PrintStm.h">
      <Filter>FirstTask</Filter>
    </ClInclude>
    <ClInclude Include="DotOutputVisitor.h">
      <Filter>GraphvizOutput</Filter>
    </ClInclude>
    <ClInclude Include="GraphvizLauncher.h">
      <Filter>GraphvizOutput</Filter>
    </ClInclude>
    <ClInclude Include="LastExpList.h">
      <Filter>FirstTask</Filter>
    </ClInclude>
  </ItemGroup>
  <ItemGroup>
    <ClCompile Include="stdafx.cpp">
      <Filter>Файлы исходного кода</Filter>
    </ClCompile>
    <ClCompile Include="DotOutputVisitor.cpp">
      <Filter>GraphvizOutput</Filter>
    </ClCompile>
    <ClCompile Include="CompilerTheory.cpp">
      <Filter>Файлы исходного кода</Filter>
    </ClCompile>
    <ClCompile Include="GraphvizLauncher.cpp">
      <Filter>GraphvizOutput</Filter>
    </ClCompile>
    <ClCompile Include="AssignStm.cpp">
      <Filter>FirstTask</Filter>
    </ClCompile>
    <ClCompile Include="OpExp.cpp">
      <Filter>Файлы исходного кода</Filter>
    </ClCompile>
  </ItemGroup>
</Project>