<?xml version="1.0" encoding="utf-8"?>
<Project ToolsVersion="4.0" xmlns="http://schemas.microsoft.com/developer/msbuild/2003">
  <ItemGroup>
    <Filter Include="Файлы ресурсов">
      <UniqueIdentifier>{67DA6AB6-F800-4c08-8B7A-83BB121AAD01}</UniqueIdentifier>
      <Extensions>rc;ico;cur;bmp;dlg;rc2;rct;bin;rgs;gif;jpg;jpeg;jpe;resx;tiff;tif;png;wav;mfcribbon-ms</Extensions>
    </Filter>
    <Filter Include="Global h">
      <UniqueIdentifier>{93995380-89BD-4b04-88EB-625FBE52EBFB}</UniqueIdentifier>
      <Extensions>h;hh;hpp;hxx;hm;inl;inc;xsd</Extensions>
    </Filter>
    <Filter Include="LexicParser">
      <UniqueIdentifier>{4aac5cc6-05ff-48a9-b6b6-910dc77f3139}</UniqueIdentifier>
    </Filter>
    <Filter Include="LexicParser\h">
      <UniqueIdentifier>{92c8f1fc-ef28-4dd5-bb04-35c49dbcc689}</UniqueIdentifier>
    </Filter>
    <Filter Include="LexicParser\cpp">
      <UniqueIdentifier>{a4822c33-3f2d-439d-b17b-4a1c836b2d9e}</UniqueIdentifier>
    </Filter>
    <Filter Include="LexicParser\resources">
      <UniqueIdentifier>{4eb39863-6fa6-43be-87f8-2b3252c633fa}</UniqueIdentifier>
    </Filter>
    <Filter Include="AbstractTreeGenerator">
      <UniqueIdentifier>{940eac8a-72a2-48ad-912d-d21b08d676c2}</UniqueIdentifier>
    </Filter>
    <Filter Include="AbstractTreeGenerator\h">
      <UniqueIdentifier>{e6fffea7-f48d-4b5e-80c1-90f4eced3ed6}</UniqueIdentifier>
      <Extensions>h;hh;hpp;hxx;hm;inl;inc;xsd</Extensions>
    </Filter>
    <Filter Include="AbstractTreeGenerator\cpp">
      <UniqueIdentifier>{0241eb7e-ec2f-4e58-a56b-21fa82f5fabb}</UniqueIdentifier>
      <Extensions>cpp;c;cc;cxx;def;odl;idl;hpj;bat;asm;asmx</Extensions>
    </Filter>
    <Filter Include="AbstractTreeGenerator\global cpp">
      <UniqueIdentifier>{4FC737F1-C7A5-4376-A066-2A32D752A2FF}</UniqueIdentifier>
      <Extensions>cpp;c;cc;cxx;def;odl;idl;hpj;bat;asm;asmx</Extensions>
    </Filter>
  </ItemGroup>
  <ItemGroup>
    <Text Include="ReadMe.txt" />
  </ItemGroup>
  <ItemGroup>
    <ClInclude Include="targetver.h">
      <Filter>Global h</Filter>
    </ClInclude>
    <ClInclude Include="resource.h">
      <Filter>Global h</Filter>
    </ClInclude>
    <ClInclude Include="AbstractTreeGenerator\Type.h">
      <Filter>AbstractTreeGenerator\h</Filter>
    </ClInclude>
    <ClInclude Include="AbstractTreeGenerator\StatementList.h">
      <Filter>AbstractTreeGenerator\h</Filter>
    </ClInclude>
    <ClInclude Include="AbstractTreeGenerator\Program.h">
      <Filter>AbstractTreeGenerator\h</Filter>
    </ClInclude>
    <ClInclude Include="AbstractTreeGenerator\PrintStatement.h">
      <Filter>AbstractTreeGenerator\h</Filter>
    </ClInclude>
    <ClInclude Include="AbstractTreeGenerator\PreconditionStatement.h">
      <Filter>AbstractTreeGenerator\h</Filter>
    </ClInclude>
    <ClInclude Include="AbstractTreeGenerator\ParenExpression.h">
      <Filter>AbstractTreeGenerator\h</Filter>
    </ClInclude>
    <ClInclude Include="AbstractTreeGenerator\OperationExpression.h">
      <Filter>AbstractTreeGenerator\h</Filter>
    </ClInclude>
    <ClInclude Include="AbstractTreeGenerator\NegationExpression.h">
      <Filter>AbstractTreeGenerator\h</Filter>
    </ClInclude>
    <ClInclude Include="AbstractTreeGenerator\MethodDeclarationList.h">
      <Filter>AbstractTreeGenerator\h</Filter>
    </ClInclude>
    <ClInclude Include="AbstractTreeGenerator\MethodDeclaration.h">
      <Filter>AbstractTreeGenerator\h</Filter>
    </ClInclude>
    <ClInclude Include="AbstractTreeGenerator\MainClass.h">
      <Filter>AbstractTreeGenerator\h</Filter>
    </ClInclude>
    <ClInclude Include="AbstractTreeGenerator\ListConstructorExpression.h">
      <Filter>AbstractTreeGenerator\h</Filter>
    </ClInclude>
    <ClInclude Include="AbstractTreeGenerator\LengthExpression.h">
      <Filter>AbstractTreeGenerator\h</Filter>
    </ClInclude>
    <ClInclude Include="AbstractTreeGenerator\LastExpressionList.h">
      <Filter>AbstractTreeGenerator\h</Filter>
    </ClInclude>
    <ClInclude Include="AbstractTreeGenerator\IStatement.h">
      <Filter>AbstractTreeGenerator\h</Filter>
    </ClInclude>
    <ClInclude Include="AbstractTreeGenerator\IndexExpression.h">
      <Filter>AbstractTreeGenerator\h</Filter>
    </ClInclude>
    <ClInclude Include="AbstractTreeGenerator\IdExpression.h">
      <Filter>AbstractTreeGenerator\h</Filter>
    </ClInclude>
    <ClInclude Include="AbstractTreeGenerator\ExpressionList.h">
      <Filter>AbstractTreeGenerator\h</Filter>
    </ClInclude>
    <ClInclude Include="AbstractTreeGenerator\DotOutputVisitor.h">
      <Filter>AbstractTreeGenerator\h</Filter>
    </ClInclude>
    <ClInclude Include="AbstractTreeGenerator\ConstructorExpression.h">
      <Filter>AbstractTreeGenerator\h</Filter>
    </ClInclude>
    <ClInclude Include="AbstractTreeGenerator\CompoundStatement.h">
      <Filter>AbstractTreeGenerator\h</Filter>
    </ClInclude>
    <ClInclude Include="AbstractTreeGenerator\ClassExtend.h">
      <Filter>AbstractTreeGenerator\h</Filter>
    </ClInclude>
    <ClInclude Include="AbstractTreeGenerator\ClassDeclarationList.h">
      <Filter>AbstractTreeGenerator\h</Filter>
    </ClInclude>
    <ClInclude Include="AbstractTreeGenerator\ClassDeclaration.h">
      <Filter>AbstractTreeGenerator\h</Filter>
    </ClInclude>
    <ClInclude Include="AbstractTreeGenerator\AssignmentStatement.h">
      <Filter>AbstractTreeGenerator\h</Filter>
    </ClInclude>
    <ClInclude Include="AbstractTreeGenerator\AssignmentListStatement.h">
      <Filter>AbstractTreeGenerator\h</Filter>
    </ClInclude>
    <ClInclude Include="AbstractTreeGenerator\ArgumentList.h">
      <Filter>AbstractTreeGenerator\h</Filter>
    </ClInclude>
    <ClInclude Include="AbstractTreeGenerator\Argument.h">
      <Filter>AbstractTreeGenerator\h</Filter>
    </ClInclude>
    <ClInclude Include="AbstractTreeGenerator\VariablesTable.h">
      <Filter>AbstractTreeGenerator\h</Filter>
    </ClInclude>
    <ClInclude Include="AbstractTreeGenerator\IVisitor.h">
      <Filter>AbstractTreeGenerator\h</Filter>
    </ClInclude>
    <ClInclude Include="AbstractTreeGenerator\INode.h">
      <Filter>AbstractTreeGenerator\h</Filter>
    </ClInclude>
    <ClInclude Include="AbstractTreeGenerator\IExpression.h">
      <Filter>AbstractTreeGenerator\h</Filter>
    </ClInclude>
    <ClInclude Include="AbstractTreeGenerator\GraphvizLauncher.h">
      <Filter>AbstractTreeGenerator\h</Filter>
    </ClInclude>
    <ClInclude Include="AbstractTreeGenerator\VarDeclarationList.h">
      <Filter>AbstractTreeGenerator\h</Filter>
    </ClInclude>
    <ClInclude Include="AbstractTreeGenerator\VarDeclaration.h">
      <Filter>AbstractTreeGenerator\h</Filter>
    </ClInclude>
    <ClInclude Include="AbstractTreeGenerator\AllNodes.h">
      <Filter>AbstractTreeGenerator\h</Filter>
    </ClInclude>
    <ClInclude Include="AbstractTreeGenerator\ThisExpression.h">
      <Filter>AbstractTreeGenerator\h</Filter>
    </ClInclude>
    <ClInclude Include="AbstractTreeGenerator\FalseExpression.h">
      <Filter>AbstractTreeGenerator\h</Filter>
    </ClInclude>
    <ClInclude Include="AbstractTreeGenerator\TrueExpression.h">
      <Filter>AbstractTreeGenerator\h</Filter>
    </ClInclude>
    <ClInclude Include="AbstractTreeGenerator\GetFieldExpression.h">
      <Filter>AbstractTreeGenerator\h</Filter>
    </ClInclude>
    <ClInclude Include="AbstractTreeGenerator\NumberExpr.h">
      <Filter>AbstractTreeGenerator\h</Filter>
    </ClInclude>
    <ClInclude Include="AbstractTreeGenerator\ConditionStatement.h">
      <Filter>AbstractTreeGenerator\h</Filter>
    </ClInclude>
  </ItemGroup>
  <ItemGroup>
    <ClCompile Include="MiniJavaCompiler.cpp">
      <Filter>AbstractTreeGenerator\global cpp</Filter>
    </ClCompile>
    <ClCompile Include="LexicParser\lexer.cpp">
      <Filter>LexicParser\cpp</Filter>
    </ClCompile>
    <ClCompile Include="LexicParser\syntatic.cpp">
      <Filter>LexicParser\cpp</Filter>
    </ClCompile>
    <ClCompile Include="AbstractTreeGenerator\Argument.cpp">
      <Filter>AbstractTreeGenerator\cpp</Filter>
    </ClCompile>
    <ClCompile Include="AbstractTreeGenerator\VariablesTable.cpp">
      <Filter>AbstractTreeGenerator\cpp</Filter>
    </ClCompile>
    <ClCompile Include="AbstractTreeGenerator\VarDeclarationList.cpp">
      <Filter>AbstractTreeGenerator\cpp</Filter>
    </ClCompile>
    <ClCompile Include="AbstractTreeGenerator\VarDeclaration.cpp">
      <Filter>AbstractTreeGenerator\cpp</Filter>
    </ClCompile>
    <ClCompile Include="AbstractTreeGenerator\Type.cpp">
      <Filter>AbstractTreeGenerator\cpp</Filter>
    </ClCompile>
    <ClCompile Include="AbstractTreeGenerator\StatementList.cpp">
      <Filter>AbstractTreeGenerator\cpp</Filter>
    </ClCompile>
    <ClCompile Include="AbstractTreeGenerator\Program.cpp">
      <Filter>AbstractTreeGenerator\cpp</Filter>
    </ClCompile>
    <ClCompile Include="AbstractTreeGenerator\PrintStatement.cpp">
      <Filter>AbstractTreeGenerator\cpp</Filter>
    </ClCompile>
    <ClCompile Include="AbstractTreeGenerator\PreconditionStatement.cpp">
      <Filter>AbstractTreeGenerator\cpp</Filter>
    </ClCompile>
    <ClCompile Include="AbstractTreeGenerator\ParenExpression.cpp">
      <Filter>AbstractTreeGenerator\cpp</Filter>
    </ClCompile>
    <ClCompile Include="AbstractTreeGenerator\OperationExpression.cpp">
      <Filter>AbstractTreeGenerator\cpp</Filter>
    </ClCompile>
    <ClCompile Include="AbstractTreeGenerator\NegationExpression.cpp">
      <Filter>AbstractTreeGenerator\cpp</Filter>
    </ClCompile>
    <ClCompile Include="AbstractTreeGenerator\MethodDeclarationList.cpp">
      <Filter>AbstractTreeGenerator\cpp</Filter>
    </ClCompile>
    <ClCompile Include="AbstractTreeGenerator\MethodDeclaration.cpp">
      <Filter>AbstractTreeGenerator\cpp</Filter>
    </ClCompile>
    <ClCompile Include="AbstractTreeGenerator\MainClass.cpp">
      <Filter>AbstractTreeGenerator\cpp</Filter>
    </ClCompile>
    <ClCompile Include="AbstractTreeGenerator\ListConstructorExpression.cpp">
      <Filter>AbstractTreeGenerator\cpp</Filter>
    </ClCompile>
    <ClCompile Include="AbstractTreeGenerator\LengthExpression.cpp">
      <Filter>AbstractTreeGenerator\cpp</Filter>
    </ClCompile>
    <ClCompile Include="AbstractTreeGenerator\LastExpressionList.cpp">
      <Filter>AbstractTreeGenerator\cpp</Filter>
    </ClCompile>
    <ClCompile Include="AbstractTreeGenerator\IndexExpression.cpp">
      <Filter>AbstractTreeGenerator\cpp</Filter>
    </ClCompile>
    <ClCompile Include="AbstractTreeGenerator\IdExpression.cpp">
      <Filter>AbstractTreeGenerator\cpp</Filter>
    </ClCompile>
    <ClCompile Include="AbstractTreeGenerator\GraphvizLauncher.cpp">
      <Filter>AbstractTreeGenerator\cpp</Filter>
    </ClCompile>
    <ClCompile Include="AbstractTreeGenerator\ExpressionList.cpp">
      <Filter>AbstractTreeGenerator\cpp</Filter>
    </ClCompile>
    <ClCompile Include="AbstractTreeGenerator\DotOutputVisitor.cpp">
      <Filter>AbstractTreeGenerator\cpp</Filter>
    </ClCompile>
    <ClCompile Include="AbstractTreeGenerator\ConstructorExpression.cpp">
      <Filter>AbstractTreeGenerator\cpp</Filter>
    </ClCompile>
    <ClCompile Include="AbstractTreeGenerator\CompoundStatement.cpp">
      <Filter>AbstractTreeGenerator\cpp</Filter>
    </ClCompile>
    <ClCompile Include="AbstractTreeGenerator\ClassExtend.cpp">
      <Filter>AbstractTreeGenerator\cpp</Filter>
    </ClCompile>
    <ClCompile Include="AbstractTreeGenerator\ClassDeclarationList.cpp">
      <Filter>AbstractTreeGenerator\cpp</Filter>
    </ClCompile>
    <ClCompile Include="AbstractTreeGenerator\ClassDeclaration.cpp">
      <Filter>AbstractTreeGenerator\cpp</Filter>
    </ClCompile>
    <ClCompile Include="AbstractTreeGenerator\AssignmentStatement.cpp">
      <Filter>AbstractTreeGenerator\cpp</Filter>
    </ClCompile>
    <ClCompile Include="AbstractTreeGenerator\AssignmentListStatement.cpp">
      <Filter>AbstractTreeGenerator\cpp</Filter>
    </ClCompile>
    <ClCompile Include="AbstractTreeGenerator\ArgumentList.cpp">
      <Filter>AbstractTreeGenerator\cpp</Filter>
    </ClCompile>
    <ClCompile Include="AbstractTreeGenerator\ThisExpression.cpp">
      <Filter>AbstractTreeGenerator\cpp</Filter>
    </ClCompile>
    <ClCompile Include="AbstractTreeGenerator\FalseExpression.cpp">
      <Filter>AbstractTreeGenerator\cpp</Filter>
    </ClCompile>
    <ClCompile Include="AbstractTreeGenerator\TrueExpression.cpp">
      <Filter>AbstractTreeGenerator\cpp</Filter>
    </ClCompile>
    <ClCompile Include="AbstractTreeGenerator\GetFieldExpression.cpp">
      <Filter>AbstractTreeGenerator\cpp</Filter>
    </ClCompile>
    <ClCompile Include="AbstractTreeGenerator\NumberExpr.cpp">
      <Filter>AbstractTreeGenerator\cpp</Filter>
    </ClCompile>
    <ClCompile Include="AbstractTreeGenerator\ConditionStatement.cpp">
      <Filter>AbstractTreeGenerator\cpp</Filter>
    </ClCompile>
  </ItemGroup>
  <ItemGroup>
    <CustomBuild Include="LexicParser\grammar.l">
      <Filter>LexicParser\resources</Filter>
    </CustomBuild>
    <CustomBuild Include="LexicParser\syntatic.txt">
      <Filter>LexicParser\resources</Filter>
    </CustomBuild>
  </ItemGroup>
  <ItemGroup>
    <ResourceCompile Include="MiniJavaCompiler.rc">
      <Filter>Файлы ресурсов</Filter>
    </ResourceCompile>
  </ItemGroup>
  <ItemGroup>
    <None Include="LexicParser\syntatic.h">
      <Filter>LexicParser\h</Filter>
    </None>
  </ItemGroup>
</Project>