<?xml version="1.0" encoding="utf-8"?>
<Project ToolsVersion="4.0" xmlns="http://schemas.microsoft.com/developer/msbuild/2003">
  <ItemGroup>
    <Filter Include="Файлы ресурсов">
      <UniqueIdentifier>{67DA6AB6-F800-4c08-8B7A-83BB121AAD01}</UniqueIdentifier>
      <Extensions>rc;ico;cur;bmp;dlg;rc2;rct;bin;rgs;gif;jpg;jpeg;jpe;resx;tiff;tif;png;wav;mfcribbon-ms</Extensions>
    </Filter>
    <Filter Include="Global h">
      <UniqueIdentifier>{93995380-89BD-4b04-88EB-625FBE52EBFB}</UniqueIdentifier>
      <Extensions>h;hh;hpp;hxx;hm;inl;inc;xsd</Extensions>
    </Filter>
    <Filter Include="LexicParser">
      <UniqueIdentifier>{4aac5cc6-05ff-48a9-b6b6-910dc77f3139}</UniqueIdentifier>
    </Filter>
    <Filter Include="LexicParser\h">
      <UniqueIdentifier>{92c8f1fc-ef28-4dd5-bb04-35c49dbcc689}</UniqueIdentifier>
    </Filter>
    <Filter Include="LexicParser\cpp">
      <UniqueIdentifier>{a4822c33-3f2d-439d-b17b-4a1c836b2d9e}</UniqueIdentifier>
    </Filter>
    <Filter Include="LexicParser\resources">
      <UniqueIdentifier>{4eb39863-6fa6-43be-87f8-2b3252c633fa}</UniqueIdentifier>
    </Filter>
    <Filter Include="AbstractTreeGenerator">
      <UniqueIdentifier>{940eac8a-72a2-48ad-912d-d21b08d676c2}</UniqueIdentifier>
    </Filter>
    <Filter Include="AbstractTreeGenerator\h">
      <UniqueIdentifier>{e6fffea7-f48d-4b5e-80c1-90f4eced3ed6}</UniqueIdentifier>
      <Extensions>h;hh;hpp;hxx;hm;inl;inc;xsd</Extensions>
    </Filter>
    <Filter Include="AbstractTreeGenerator\cpp">
      <UniqueIdentifier>{0241eb7e-ec2f-4e58-a56b-21fa82f5fabb}</UniqueIdentifier>
      <Extensions>cpp;c;cc;cxx;def;odl;idl;hpj;bat;asm;asmx</Extensions>
    </Filter>
    <Filter Include="global cpp">
      <UniqueIdentifier>{4FC737F1-C7A5-4376-A066-2A32D752A2FF}</UniqueIdentifier>
      <Extensions>cpp;c;cc;cxx;def;odl;idl;hpj;bat;asm;asmx</Extensions>
    </Filter>
    <Filter Include="SymbolTable">
      <UniqueIdentifier>{0598a9ed-f520-44fa-9ca2-e809bfc50988}</UniqueIdentifier>
    </Filter>
    <Filter Include="SymbolTable\cpp">
      <UniqueIdentifier>{ccd32ac9-0c51-4271-aa55-895a7eb588c3}</UniqueIdentifier>
      <Extensions>cpp;c;cc;cxx;def;odl;idl;hpj;bat;asm;asmx</Extensions>
    </Filter>
    <Filter Include="SymbolTable\h">
      <UniqueIdentifier>{c198b089-5870-4901-b5c0-367c862445e4}</UniqueIdentifier>
      <Extensions>h;hh;hpp;hxx;hm;inl;inc;xsd</Extensions>
    </Filter>
    <Filter Include="IRTree">
      <UniqueIdentifier>{9bf865d7-60d3-47fc-8179-04ff6e85acbd}</UniqueIdentifier>
    </Filter>
    <Filter Include="IRTree\h">
      <UniqueIdentifier>{4786d84f-8fb7-4351-a8a0-bc7c273a4174}</UniqueIdentifier>
    </Filter>
    <Filter Include="IRTree\cpp">
      <UniqueIdentifier>{a9995e68-6bc3-440b-adee-4a3369abc334}</UniqueIdentifier>
    </Filter>
    <Filter Include="Graphwiz">
      <UniqueIdentifier>{7a9a7749-5edc-4d02-bc99-d640ab4bfb4e}</UniqueIdentifier>
    </Filter>
    <Filter Include="Graphwiz\h">
      <UniqueIdentifier>{fb7a5da2-51ee-49a9-9bf9-3c7f53c2dfff}</UniqueIdentifier>
    </Filter>
    <Filter Include="Graphwiz\cpp">
      <UniqueIdentifier>{e99a7503-3228-454d-ac35-46e30bad05b6}</UniqueIdentifier>
    </Filter>
  </ItemGroup>
  <ItemGroup>
    <Text Include="ReadMe.txt" />
  </ItemGroup>
  <ItemGroup>
    <ClInclude Include="targetver.h">
      <Filter>Global h</Filter>
    </ClInclude>
    <ClInclude Include="resource.h">
      <Filter>Global h</Filter>
    </ClInclude>
    <ClInclude Include="AbstractTreeGenerator\Type.h">
      <Filter>AbstractTreeGenerator\h</Filter>
    </ClInclude>
    <ClInclude Include="AbstractTreeGenerator\StatementList.h">
      <Filter>AbstractTreeGenerator\h</Filter>
    </ClInclude>
    <ClInclude Include="AbstractTreeGenerator\Program.h">
      <Filter>AbstractTreeGenerator\h</Filter>
    </ClInclude>
    <ClInclude Include="AbstractTreeGenerator\PrintStatement.h">
      <Filter>AbstractTreeGenerator\h</Filter>
    </ClInclude>
    <ClInclude Include="AbstractTreeGenerator\PreconditionStatement.h">
      <Filter>AbstractTreeGenerator\h</Filter>
    </ClInclude>
    <ClInclude Include="AbstractTreeGenerator\ParenExpression.h">
      <Filter>AbstractTreeGenerator\h</Filter>
    </ClInclude>
    <ClInclude Include="AbstractTreeGenerator\OperationExpression.h">
      <Filter>AbstractTreeGenerator\h</Filter>
    </ClInclude>
    <ClInclude Include="AbstractTreeGenerator\NegationExpression.h">
      <Filter>AbstractTreeGenerator\h</Filter>
    </ClInclude>
    <ClInclude Include="AbstractTreeGenerator\MethodDeclarationList.h">
      <Filter>AbstractTreeGenerator\h</Filter>
    </ClInclude>
    <ClInclude Include="AbstractTreeGenerator\MethodDeclaration.h">
      <Filter>AbstractTreeGenerator\h</Filter>
    </ClInclude>
    <ClInclude Include="AbstractTreeGenerator\MainClass.h">
      <Filter>AbstractTreeGenerator\h</Filter>
    </ClInclude>
    <ClInclude Include="AbstractTreeGenerator\ListConstructorExpression.h">
      <Filter>AbstractTreeGenerator\h</Filter>
    </ClInclude>
    <ClInclude Include="AbstractTreeGenerator\LengthExpression.h">
      <Filter>AbstractTreeGenerator\h</Filter>
    </ClInclude>
    <ClInclude Include="AbstractTreeGenerator\LastExpressionList.h">
      <Filter>AbstractTreeGenerator\h</Filter>
    </ClInclude>
    <ClInclude Include="AbstractTreeGenerator\IStatement.h">
      <Filter>AbstractTreeGenerator\h</Filter>
    </ClInclude>
    <ClInclude Include="AbstractTreeGenerator\IndexExpression.h">
      <Filter>AbstractTreeGenerator\h</Filter>
    </ClInclude>
    <ClInclude Include="AbstractTreeGenerator\IdExpression.h">
      <Filter>AbstractTreeGenerator\h</Filter>
    </ClInclude>
    <ClInclude Include="AbstractTreeGenerator\ExpressionList.h">
      <Filter>AbstractTreeGenerator\h</Filter>
    </ClInclude>
    <ClInclude Include="AbstractTreeGenerator\ConstructorExpression.h">
      <Filter>AbstractTreeGenerator\h</Filter>
    </ClInclude>
    <ClInclude Include="AbstractTreeGenerator\CompoundStatement.h">
      <Filter>AbstractTreeGenerator\h</Filter>
    </ClInclude>
    <ClInclude Include="AbstractTreeGenerator\ClassExtend.h">
      <Filter>AbstractTreeGenerator\h</Filter>
    </ClInclude>
    <ClInclude Include="AbstractTreeGenerator\ClassDeclarationList.h">
      <Filter>AbstractTreeGenerator\h</Filter>
    </ClInclude>
    <ClInclude Include="AbstractTreeGenerator\ClassDeclaration.h">
      <Filter>AbstractTreeGenerator\h</Filter>
    </ClInclude>
    <ClInclude Include="AbstractTreeGenerator\AssignmentStatement.h">
      <Filter>AbstractTreeGenerator\h</Filter>
    </ClInclude>
    <ClInclude Include="AbstractTreeGenerator\AssignmentListStatement.h">
      <Filter>AbstractTreeGenerator\h</Filter>
    </ClInclude>
    <ClInclude Include="AbstractTreeGenerator\ArgumentList.h">
      <Filter>AbstractTreeGenerator\h</Filter>
    </ClInclude>
    <ClInclude Include="AbstractTreeGenerator\Argument.h">
      <Filter>AbstractTreeGenerator\h</Filter>
    </ClInclude>
    <ClInclude Include="AbstractTreeGenerator\VariablesTable.h">
      <Filter>AbstractTreeGenerator\h</Filter>
    </ClInclude>
    <ClInclude Include="AbstractTreeGenerator\IVisitor.h">
      <Filter>AbstractTreeGenerator\h</Filter>
    </ClInclude>
    <ClInclude Include="AbstractTreeGenerator\INode.h">
      <Filter>AbstractTreeGenerator\h</Filter>
    </ClInclude>
    <ClInclude Include="AbstractTreeGenerator\IExpression.h">
      <Filter>AbstractTreeGenerator\h</Filter>
    </ClInclude>
    <ClInclude Include="AbstractTreeGenerator\VarDeclarationList.h">
      <Filter>AbstractTreeGenerator\h</Filter>
    </ClInclude>
    <ClInclude Include="AbstractTreeGenerator\VarDeclaration.h">
      <Filter>AbstractTreeGenerator\h</Filter>
    </ClInclude>
    <ClInclude Include="AbstractTreeGenerator\AllNodes.h">
      <Filter>AbstractTreeGenerator\h</Filter>
    </ClInclude>
    <ClInclude Include="AbstractTreeGenerator\ThisExpression.h">
      <Filter>AbstractTreeGenerator\h</Filter>
    </ClInclude>
    <ClInclude Include="AbstractTreeGenerator\FalseExpression.h">
      <Filter>AbstractTreeGenerator\h</Filter>
    </ClInclude>
    <ClInclude Include="AbstractTreeGenerator\TrueExpression.h">
      <Filter>AbstractTreeGenerator\h</Filter>
    </ClInclude>
    <ClInclude Include="AbstractTreeGenerator\GetFieldExpression.h">
      <Filter>AbstractTreeGenerator\h</Filter>
    </ClInclude>
    <ClInclude Include="AbstractTreeGenerator\NumberExpr.h">
      <Filter>AbstractTreeGenerator\h</Filter>
    </ClInclude>
    <ClInclude Include="AbstractTreeGenerator\ConditionStatement.h">
      <Filter>AbstractTreeGenerator\h</Filter>
    </ClInclude>
    <ClInclude Include="AbstractTreeGenerator\StringTable.h">
      <Filter>AbstractTreeGenerator\h</Filter>
    </ClInclude>
    <ClInclude Include="SymbolTable\ClassInfo.h">
      <Filter>SymbolTable\h</Filter>
    </ClInclude>
    <ClInclude Include="SymbolTable\MethodInfo.h">
      <Filter>SymbolTable\h</Filter>
    </ClInclude>
    <ClInclude Include="SymbolTable\VariableInfo.h">
      <Filter>SymbolTable\h</Filter>
    </ClInclude>
    <ClInclude Include="SymbolTable\TypeCheckerVistor.h">
      <Filter>SymbolTable\h</Filter>
    </ClInclude>
    <ClInclude Include="SymbolTable\FillTableVisitor.h">
      <Filter>SymbolTable\h</Filter>
    </ClInclude>
    <ClInclude Include="SymbolTable\Table.h">
      <Filter>SymbolTable\h</Filter>
    </ClInclude>
    <ClInclude Include="SymbolTable\TypeException.h">
      <Filter>SymbolTable\h</Filter>
    </ClInclude>
    <ClInclude Include="IRTree\IRTBuilderVisitor.h">
      <Filter>IRTree\h</Filter>
    </ClInclude>
    <ClInclude Include="IRTree\IRTConstants.h">
      <Filter>IRTree\h</Filter>
    </ClInclude>
    <ClInclude Include="IRTree\ExpressionClasses\IRTEBinop.h">
      <Filter>IRTree\h</Filter>
    </ClInclude>
    <ClInclude Include="IRTree\ExpressionClasses\IRTECall.h">
      <Filter>IRTree\h</Filter>
    </ClInclude>
    <ClInclude Include="IRTree\ExpressionClasses\IRTEConst.h">
      <Filter>IRTree\h</Filter>
    </ClInclude>
    <ClInclude Include="IRTree\ExpressionClasses\IRTEEseq.h">
      <Filter>IRTree\h</Filter>
    </ClInclude>
    <ClInclude Include="IRTree\ExpressionClasses\IRTEMem.h">
      <Filter>IRTree\h</Filter>
    </ClInclude>
    <ClInclude Include="IRTree\ExpressionClasses\IRTEName.h">
      <Filter>IRTree\h</Filter>
    </ClInclude>
    <ClInclude Include="IRTree\ExpressionClasses\IRTETemp.h">
      <Filter>IRTree\h</Filter>
    </ClInclude>
    <ClInclude Include="IRTree\IRTExpConverter.h">
      <Filter>IRTree\h</Filter>
    </ClInclude>
    <ClInclude Include="IRTree\IRTExpList.h">
      <Filter>IRTree\h</Filter>
    </ClInclude>
    <ClInclude Include="IRTree\IRTExpression.h">
      <Filter>IRTree\h</Filter>
    </ClInclude>
    <ClInclude Include="IRTree\IRTLabel.h">
      <Filter>IRTree\h</Filter>
    </ClInclude>
    <ClInclude Include="IRTree\IRTreeVisitor.h">
      <Filter>IRTree\h</Filter>
    </ClInclude>
    <ClInclude Include="IRTree\StatementClasses\IRTSCjump.h">
      <Filter>IRTree\h</Filter>
    </ClInclude>
    <ClInclude Include="IRTree\StatementClasses\IRTSExp.h">
      <Filter>IRTree\h</Filter>
    </ClInclude>
    <ClInclude Include="IRTree\StatementClasses\IRTSJump.h">
      <Filter>IRTree\h</Filter>
    </ClInclude>
    <ClInclude Include="IRTree\StatementClasses\IRTSLabel.h">
      <Filter>IRTree\h</Filter>
    </ClInclude>
    <ClInclude Include="IRTree\StatementClasses\IRTSMove.h">
      <Filter>IRTree\h</Filter>
    </ClInclude>
    <ClInclude Include="IRTree\StatementClasses\IRTSSeq.h">
      <Filter>IRTree\h</Filter>
    </ClInclude>
    <ClInclude Include="IRTree\IRTStatement.h">
      <Filter>IRTree\h</Filter>
    </ClInclude>
    <ClInclude Include="IRTree\IRTStmConverter.h">
      <Filter>IRTree\h</Filter>
    </ClInclude>
    <ClInclude Include="IRTree\IRTTemp.h">
      <Filter>IRTree\h</Filter>
    </ClInclude>
    <ClInclude Include="IRTree\Translate.h">
      <Filter>IRTree\h</Filter>
    </ClInclude>
    <ClInclude Include="Graphwiz\DotOutputVisitor.h">
      <Filter>Graphwiz\h</Filter>
    </ClInclude>
    <ClInclude Include="Graphwiz\GraphvizLauncher.h">
      <Filter>Graphwiz\h</Filter>
    </ClInclude>
    <ClInclude Include="Graphwiz\BaseDotOutput.h">
      <Filter>Graphwiz\h</Filter>
    </ClInclude>
    <ClInclude Include="IRTree\INode.h">
      <Filter>IRTree\h</Filter>
    </ClInclude>
    <ClInclude Include="Graphwiz\IRTDotOutputVisitor.h">
      <Filter>Graphwiz\h</Filter>
    </ClInclude>
    <ClInclude Include="IRTree\IVisitor.h">
      <Filter>IRTree\h</Filter>
    </ClInclude>
    <ClInclude Include="IRTree\IRTreeAllClasses.h">
      <Filter>IRTree\h</Filter>
    </ClInclude>
    <ClInclude Include="IRTree\Frame.h">
      <Filter>IRTree\h</Filter>
    </ClInclude>
    <ClInclude Include="IRTree\CodeFragment.h">
      <Filter>IRTree\h</Filter>
    </ClInclude>
    <ClInclude Include="IRTree\Access.h">
      <Filter>IRTree\h</Filter>
    </ClInclude>
    <ClInclude Include="IRTree\AccessRemoverVisitor.h">
      <Filter>IRTree\h</Filter>
    </ClInclude>
  </ItemGroup>
  <ItemGroup>
    <ClCompile Include="MiniJavaCompiler.cpp">
      <Filter>global cpp</Filter>
    </ClCompile>
    <ClCompile Include="LexicParser\lexer.cpp">
      <Filter>LexicParser\cpp</Filter>
    </ClCompile>
    <ClCompile Include="LexicParser\syntatic.cpp">
      <Filter>LexicParser\cpp</Filter>
    </ClCompile>
    <ClCompile Include="AbstractTreeGenerator\Argument.cpp">
      <Filter>AbstractTreeGenerator\cpp</Filter>
    </ClCompile>
    <ClCompile Include="AbstractTreeGenerator\VariablesTable.cpp">
      <Filter>AbstractTreeGenerator\cpp</Filter>
    </ClCompile>
    <ClCompile Include="AbstractTreeGenerator\VarDeclarationList.cpp">
      <Filter>AbstractTreeGenerator\cpp</Filter>
    </ClCompile>
    <ClCompile Include="AbstractTreeGenerator\VarDeclaration.cpp">
      <Filter>AbstractTreeGenerator\cpp</Filter>
    </ClCompile>
    <ClCompile Include="AbstractTreeGenerator\Type.cpp">
      <Filter>AbstractTreeGenerator\cpp</Filter>
    </ClCompile>
    <ClCompile Include="AbstractTreeGenerator\StatementList.cpp">
      <Filter>AbstractTreeGenerator\cpp</Filter>
    </ClCompile>
    <ClCompile Include="AbstractTreeGenerator\Program.cpp">
      <Filter>AbstractTreeGenerator\cpp</Filter>
    </ClCompile>
    <ClCompile Include="AbstractTreeGenerator\PrintStatement.cpp">
      <Filter>AbstractTreeGenerator\cpp</Filter>
    </ClCompile>
    <ClCompile Include="AbstractTreeGenerator\PreconditionStatement.cpp">
      <Filter>AbstractTreeGenerator\cpp</Filter>
    </ClCompile>
    <ClCompile Include="AbstractTreeGenerator\ParenExpression.cpp">
      <Filter>AbstractTreeGenerator\cpp</Filter>
    </ClCompile>
    <ClCompile Include="AbstractTreeGenerator\OperationExpression.cpp">
      <Filter>AbstractTreeGenerator\cpp</Filter>
    </ClCompile>
    <ClCompile Include="AbstractTreeGenerator\NegationExpression.cpp">
      <Filter>AbstractTreeGenerator\cpp</Filter>
    </ClCompile>
    <ClCompile Include="AbstractTreeGenerator\MethodDeclarationList.cpp">
      <Filter>AbstractTreeGenerator\cpp</Filter>
    </ClCompile>
    <ClCompile Include="AbstractTreeGenerator\MethodDeclaration.cpp">
      <Filter>AbstractTreeGenerator\cpp</Filter>
    </ClCompile>
    <ClCompile Include="AbstractTreeGenerator\MainClass.cpp">
      <Filter>AbstractTreeGenerator\cpp</Filter>
    </ClCompile>
    <ClCompile Include="AbstractTreeGenerator\ListConstructorExpression.cpp">
      <Filter>AbstractTreeGenerator\cpp</Filter>
    </ClCompile>
    <ClCompile Include="AbstractTreeGenerator\LengthExpression.cpp">
      <Filter>AbstractTreeGenerator\cpp</Filter>
    </ClCompile>
    <ClCompile Include="AbstractTreeGenerator\LastExpressionList.cpp">
      <Filter>AbstractTreeGenerator\cpp</Filter>
    </ClCompile>
    <ClCompile Include="AbstractTreeGenerator\IndexExpression.cpp">
      <Filter>AbstractTreeGenerator\cpp</Filter>
    </ClCompile>
    <ClCompile Include="AbstractTreeGenerator\IdExpression.cpp">
      <Filter>AbstractTreeGenerator\cpp</Filter>
    </ClCompile>
    <ClCompile Include="AbstractTreeGenerator\ExpressionList.cpp">
      <Filter>AbstractTreeGenerator\cpp</Filter>
    </ClCompile>
    <ClCompile Include="AbstractTreeGenerator\ConstructorExpression.cpp">
      <Filter>AbstractTreeGenerator\cpp</Filter>
    </ClCompile>
    <ClCompile Include="AbstractTreeGenerator\CompoundStatement.cpp">
      <Filter>AbstractTreeGenerator\cpp</Filter>
    </ClCompile>
    <ClCompile Include="AbstractTreeGenerator\ClassExtend.cpp">
      <Filter>AbstractTreeGenerator\cpp</Filter>
    </ClCompile>
    <ClCompile Include="AbstractTreeGenerator\ClassDeclarationList.cpp">
      <Filter>AbstractTreeGenerator\cpp</Filter>
    </ClCompile>
    <ClCompile Include="AbstractTreeGenerator\ClassDeclaration.cpp">
      <Filter>AbstractTreeGenerator\cpp</Filter>
    </ClCompile>
    <ClCompile Include="AbstractTreeGenerator\AssignmentStatement.cpp">
      <Filter>AbstractTreeGenerator\cpp</Filter>
    </ClCompile>
    <ClCompile Include="AbstractTreeGenerator\AssignmentListStatement.cpp">
      <Filter>AbstractTreeGenerator\cpp</Filter>
    </ClCompile>
    <ClCompile Include="AbstractTreeGenerator\ArgumentList.cpp">
      <Filter>AbstractTreeGenerator\cpp</Filter>
    </ClCompile>
    <ClCompile Include="AbstractTreeGenerator\ThisExpression.cpp">
      <Filter>AbstractTreeGenerator\cpp</Filter>
    </ClCompile>
    <ClCompile Include="AbstractTreeGenerator\FalseExpression.cpp">
      <Filter>AbstractTreeGenerator\cpp</Filter>
    </ClCompile>
    <ClCompile Include="AbstractTreeGenerator\TrueExpression.cpp">
      <Filter>AbstractTreeGenerator\cpp</Filter>
    </ClCompile>
    <ClCompile Include="AbstractTreeGenerator\GetFieldExpression.cpp">
      <Filter>AbstractTreeGenerator\cpp</Filter>
    </ClCompile>
    <ClCompile Include="AbstractTreeGenerator\NumberExpr.cpp">
      <Filter>AbstractTreeGenerator\cpp</Filter>
    </ClCompile>
    <ClCompile Include="AbstractTreeGenerator\ConditionStatement.cpp">
      <Filter>AbstractTreeGenerator\cpp</Filter>
    </ClCompile>
    <ClCompile Include="AbstractTreeGenerator\StringTable.cpp">
      <Filter>AbstractTreeGenerator\cpp</Filter>
    </ClCompile>
    <ClCompile Include="SymbolTable\ClassInfo.cpp">
      <Filter>SymbolTable\cpp</Filter>
    </ClCompile>
    <ClCompile Include="SymbolTable\MethodInfo.cpp">
      <Filter>SymbolTable\cpp</Filter>
    </ClCompile>
    <ClCompile Include="SymbolTable\VariableInfo.cpp">
      <Filter>SymbolTable\cpp</Filter>
    </ClCompile>
    <ClCompile Include="SymbolTable\TypeCheckerVistor.cpp">
      <Filter>SymbolTable\cpp</Filter>
    </ClCompile>
    <ClCompile Include="SymbolTable\FillTableVisitor.cpp">
      <Filter>SymbolTable\cpp</Filter>
    </ClCompile>
    <ClCompile Include="SymbolTable\TypeException.cpp">
      <Filter>SymbolTable\cpp</Filter>
    </ClCompile>
    <ClCompile Include="AbstractTreeGenerator\INode.cpp">
      <Filter>AbstractTreeGenerator\cpp</Filter>
    </ClCompile>
    <ClCompile Include="SymbolTable\Table.cpp">
      <Filter>SymbolTable\cpp</Filter>
    </ClCompile>
    <ClCompile Include="IRTree\IRTBuilderVisitor.cpp">
      <Filter>IRTree\cpp</Filter>
    </ClCompile>
    <ClCompile Include="IRTree\ExpressionClasses\IRTEBinop.cpp">
      <Filter>IRTree\cpp</Filter>
    </ClCompile>
    <ClCompile Include="IRTree\ExpressionClasses\IRTECall.cpp">
      <Filter>IRTree\cpp</Filter>
    </ClCompile>
    <ClCompile Include="IRTree\ExpressionClasses\IRTEConst.cpp">
      <Filter>IRTree\cpp</Filter>
    </ClCompile>
    <ClCompile Include="IRTree\ExpressionClasses\IRTEEseq.cpp">
      <Filter>IRTree\cpp</Filter>
    </ClCompile>
    <ClCompile Include="IRTree\ExpressionClasses\IRTEMem.cpp">
      <Filter>IRTree\cpp</Filter>
    </ClCompile>
    <ClCompile Include="IRTree\ExpressionClasses\IRTEName.cpp">
      <Filter>IRTree\cpp</Filter>
    </ClCompile>
    <ClCompile Include="IRTree\ExpressionClasses\IRTETemp.cpp">
      <Filter>IRTree\cpp</Filter>
    </ClCompile>
    <ClCompile Include="IRTree\IRTExpConverter.cpp">
      <Filter>IRTree\cpp</Filter>
    </ClCompile>
    <ClCompile Include="IRTree\IRTExpList.cpp">
      <Filter>IRTree\cpp</Filter>
    </ClCompile>
    <ClCompile Include="IRTree\IRTLabel.cpp">
      <Filter>IRTree\cpp</Filter>
    </ClCompile>
    <ClCompile Include="IRTree\IRTreeVisitor.cpp">
      <Filter>IRTree\cpp</Filter>
    </ClCompile>
    <ClCompile Include="IRTree\StatementClasses\IRTSCjump.cpp">
      <Filter>IRTree\cpp</Filter>
    </ClCompile>
    <ClCompile Include="IRTree\StatementClasses\IRTSJump.cpp">
      <Filter>IRTree\cpp</Filter>
    </ClCompile>
    <ClCompile Include="IRTree\StatementClasses\IRTSExp.cpp">
      <Filter>IRTree\cpp</Filter>
    </ClCompile>
    <ClCompile Include="IRTree\StatementClasses\IRTSLabel.cpp">
      <Filter>IRTree\cpp</Filter>
    </ClCompile>
    <ClCompile Include="IRTree\StatementClasses\IRTSMove.cpp">
      <Filter>IRTree\cpp</Filter>
    </ClCompile>
    <ClCompile Include="IRTree\StatementClasses\IRTSSeq.cpp">
      <Filter>IRTree\cpp</Filter>
    </ClCompile>
    <ClCompile Include="IRTree\IRTStmConverter.cpp">
      <Filter>IRTree\cpp</Filter>
    </ClCompile>
    <ClCompile Include="IRTree\IRTTemp.cpp">
      <Filter>IRTree\cpp</Filter>
    </ClCompile>
    <ClCompile Include="Graphwiz\DotOutputVisitor.cpp">
      <Filter>Graphwiz\cpp</Filter>
    </ClCompile>
    <ClCompile Include="Graphwiz\IRTDotOutputVisitor.cpp">
      <Filter>Graphwiz\cpp</Filter>
    </ClCompile>
    <ClCompile Include="IRTree\IRTBuilderVisitor.cpp">
      <Filter>IRTree\cpp</Filter>
    </ClCompile>
    <ClCompile Include="IRTree\Frame.cpp">
      <Filter>IRTree\cpp</Filter>
    </ClCompile>
    <ClCompile Include="IRTree\CodeFragment.cpp">
      <Filter>IRTree\cpp</Filter>
    </ClCompile>
    <ClCompile Include="IRTree\Access.cpp">
      <Filter>IRTree\cpp</Filter>
    </ClCompile>
    <ClCompile Include="IRTree\AccessRemoverVisitor.cpp">
      <Filter>IRTree\cpp</Filter>
    </ClCompile>
  </ItemGroup>
  <ItemGroup>
    <CustomBuild Include="LexicParser\grammar.l">
      <Filter>LexicParser\resources</Filter>
    </CustomBuild>
    <CustomBuild Include="LexicParser\syntatic.txt">
      <Filter>LexicParser\resources</Filter>
    </CustomBuild>
  </ItemGroup>
  <ItemGroup>
    <ResourceCompile Include="MiniJavaCompiler.rc">
      <Filter>Файлы ресурсов</Filter>
    </ResourceCompile>
  </ItemGroup>
  <ItemGroup>
    <None Include="LexicParser\syntatic.h">
      <Filter>LexicParser\h</Filter>
    </None>
  </ItemGroup>
</Project>