<?xml version="1.0" encoding="utf-8"?>
<Project ToolsVersion="4.0" xmlns="http://schemas.microsoft.com/developer/msbuild/2003">
  <ItemGroup>
    <Filter Include="Файлы ресурсов">
      <UniqueIdentifier>{67DA6AB6-F800-4c08-8B7A-83BB121AAD01}</UniqueIdentifier>
      <Extensions>rc;ico;cur;bmp;dlg;rc2;rct;bin;rgs;gif;jpg;jpeg;jpe;resx;tiff;tif;png;wav;mfcribbon-ms</Extensions>
    </Filter>
    <Filter Include="Global h">
      <UniqueIdentifier>{93995380-89BD-4b04-88EB-625FBE52EBFB}</UniqueIdentifier>
      <Extensions>h;hh;hpp;hxx;hm;inl;inc;xsd</Extensions>
    </Filter>
    <Filter Include="global cpp">
      <UniqueIdentifier>{4FC737F1-C7A5-4376-A066-2A32D752A2FF}</UniqueIdentifier>
      <Extensions>cpp;c;cc;cxx;def;odl;idl;hpj;bat;asm;asmx</Extensions>
    </Filter>
    <Filter Include="LexicParser">
      <UniqueIdentifier>{4aac5cc6-05ff-48a9-b6b6-910dc77f3139}</UniqueIdentifier>
    </Filter>
    <Filter Include="LexicParser\h">
      <UniqueIdentifier>{92c8f1fc-ef28-4dd5-bb04-35c49dbcc689}</UniqueIdentifier>
    </Filter>
    <Filter Include="LexicParser\cpp">
      <UniqueIdentifier>{a4822c33-3f2d-439d-b17b-4a1c836b2d9e}</UniqueIdentifier>
    </Filter>
    <Filter Include="LexicParser\resources">
      <UniqueIdentifier>{4eb39863-6fa6-43be-87f8-2b3252c633fa}</UniqueIdentifier>
    </Filter>
  </ItemGroup>
  <ItemGroup>
    <Text Include="ReadMe.txt" />
  </ItemGroup>
  <ItemGroup>
    <ClInclude Include="stdafx.h">
      <Filter>Global h</Filter>
    </ClInclude>
    <ClInclude Include="targetver.h">
      <Filter>Global h</Filter>
    </ClInclude>
    <ClInclude Include="resource.h">
      <Filter>Global h</Filter>
    </ClInclude>
  </ItemGroup>
  <ItemGroup>
    <ClCompile Include="stdafx.cpp">
      <Filter>global cpp</Filter>
    </ClCompile>
    <ClCompile Include="MiniJavaCompiler.cpp">
      <Filter>global cpp</Filter>
    </ClCompile>
    <ClCompile Include="LexicParser\lexer.cpp">
      <Filter>LexicParser\cpp</Filter>
    </ClCompile>
    <ClCompile Include="LexicParser\syntatic.cpp">
      <Filter>LexicParser\cpp</Filter>
    </ClCompile>
  </ItemGroup>
  <ItemGroup>
    <CustomBuild Include="LexicParser\grammar.l">
      <Filter>LexicParser\resources</Filter>
    </CustomBuild>
    <CustomBuild Include="LexicParser\syntatic.txt">
      <Filter>LexicParser\resources</Filter>
    </CustomBuild>
  </ItemGroup>
  <ItemGroup>
    <ResourceCompile Include="MiniJavaCompiler.rc">
      <Filter>Файлы ресурсов</Filter>
    </ResourceCompile>
  </ItemGroup>
  <ItemGroup>
    <None Include="LexicParser\syntatic.h">
      <Filter>LexicParser\h</Filter>
    </None>
  </ItemGroup>
</Project>